
Microsoft Visual Studio Solution File, Format Version 12.00
# Visual Studio Version 16
VisualStudioVersion = 16.0.29806.167
MinimumVisualStudioVersion = 10.0.40219.1
Project("{FAE04EC0-301F-11D3-BF4B-00C04F79EFBC}") = "MyVet.Common", "MyVet.Common\MyVet.Common.csproj", "{ACE7DC8A-B73A-4414-B06D-B60DBFE33CD7}"
EndProject
Project("{FAE04EC0-301F-11D3-BF4B-00C04F79EFBC}") = "MyVet.Web", "MyVet.Web\MyVet.Web.csproj", "{6D969816-00BD-415D-87D2-CA377734633E}"
EndProject
Global
	GlobalSection(SolutionConfigurationPlatforms) = preSolution
		Debug|Any CPU = Debug|Any CPU
		Release|Any CPU = Release|Any CPU
	EndGlobalSection
	GlobalSection(ProjectConfigurationPlatforms) = postSolution
		{ACE7DC8A-B73A-4414-B06D-B60DBFE33CD7}.Debug|Any CPU.ActiveCfg = Debug|Any CPU
		{ACE7DC8A-B73A-4414-B06D-B60DBFE33CD7}.Debug|Any CPU.Build.0 = Debug|Any CPU
		{ACE7DC8A-B73A-4414-B06D-B60DBFE33CD7}.Release|Any CPU.ActiveCfg = Release|Any CPU
		{ACE7DC8A-B73A-4414-B06D-B60DBFE33CD7}.Release|Any CPU.Build.0 = Release|Any CPU
		{6D969816-00BD-415D-87D2-CA377734633E}.Debug|Any CPU.ActiveCfg = Debug|Any CPU
		{6D969816-00BD-415D-87D2-CA377734633E}.Debug|Any CPU.Build.0 = Debug|Any CPU
		{6D969816-00BD-415D-87D2-CA377734633E}.Release|Any CPU.ActiveCfg = Release|Any CPU
		{6D969816-00BD-415D-87D2-CA377734633E}.Release|Any CPU.Build.0 = Release|Any CPU
	EndGlobalSection
	GlobalSection(SolutionProperties) = preSolution
		HideSolutionNode = FALSE
	EndGlobalSection
	GlobalSection(ExtensibilityGlobals) = postSolution
		SolutionGuid = {02A7B0A2-7DCA-4C0D-BF33-BD0C573E2787}
	EndGlobalSection
EndGlobal
